
Microsoft Visual Studio Solution File, Format Version 12.00
# Visual Studio Version 17
VisualStudioVersion = 17.13.35825.156 d17.13
MinimumVisualStudioVersion = 10.0.40219.1
Project("{888888A0-9F3D-457C-B088-3A5042F75D52}") = "Lego Database", "Lego Database\Lego Database.pyproj", "{F6EAEF16-4B75-4695-9378-2128E2E9590D}"
EndProject
Global
	GlobalSection(SolutionConfigurationPlatforms) = preSolution
		Debug|Any CPU = Debug|Any CPU
		Release|Any CPU = Release|Any CPU
	EndGlobalSection
	GlobalSection(ProjectConfigurationPlatforms) = postSolution
		{F6EAEF16-4B75-4695-9378-2128E2E9590D}.Debug|Any CPU.ActiveCfg = Debug|Any CPU
		{F6EAEF16-4B75-4695-9378-2128E2E9590D}.Release|Any CPU.ActiveCfg = Release|Any CPU
	EndGlobalSection
	GlobalSection(SolutionProperties) = preSolution
		HideSolutionNode = FALSE
	EndGlobalSection
	GlobalSection(ExtensibilityGlobals) = postSolution
		SolutionGuid = {3BD55310-080C-4CDA-8639-0320B2ABC395}
	EndGlobalSection
EndGlobal
